{
  "nodes": {
    "emacs-overlay": {
      "locked": {
        "lastModified": 1631032717,
        "narHash": "sha256-pNCAbCUOdDYFCt10K8P8TA1EwWzv98y1yAaF+oDRNcQ=",
        "owner": "nix-community",
        "repo": "emacs-overlay",
        "rev": "b1875eb05910b0da2e8d9f3dd1e6cd1b33caf5b2",
        "type": "github"
      },
      "original": {
        "owner": "nix-community",
        "repo": "emacs-overlay",
        "type": "github"
      }
    },
    "flake-utils": {
      "locked": {
        "lastModified": 1610051610,
        "narHash": "sha256-U9rPz/usA1/Aohhk7Cmc2gBrEEKRzcW4nwPWMPwja4Y=",
        "owner": "numtide",
        "repo": "flake-utils",
        "rev": "3982c9903e93927c2164caa727cd3f6a0e6d14cc",
        "type": "github"
      },
      "original": {
        "owner": "numtide",
        "repo": "flake-utils",
        "type": "github"
      }
    },
    "home-manager": {
      "inputs": {
        "nixpkgs": [
          "nixpkgs"
        ]
      },
      "locked": {
        "lastModified": 1631051269,
        "narHash": "sha256-ZL5TgMYPpRUWN/GGdJ7gIiYjxaWI+EP8HdFT1GZ+wd0=",
        "owner": "rycee",
        "repo": "home-manager",
        "rev": "275f39611dc32243842d5818141278b5676653f2",
        "type": "github"
      },
      "original": {
        "owner": "rycee",
        "ref": "master",
        "repo": "home-manager",
        "type": "github"
      }
    },
    "nixos-hardware": {
      "locked": {
        "lastModified": 1629975021,
        "narHash": "sha256-+z4pK5yvoIKAIPGnyxt7I7Y9yX72HFP2krppGENpn6I=",
        "owner": "nixos",
        "repo": "nixos-hardware",
        "rev": "342048461da7fc743e588ee744080c045613a226",
        "type": "github"
      },
      "original": {
        "owner": "nixos",
        "repo": "nixos-hardware",
        "type": "github"
      }
    },
    "nixpkgs": {
      "locked": {
        "lastModified": 1630938467,
        "narHash": "sha256-GiSjPKDmFJPaM10lMWhwOrZViAB2kLX6NsHjRSZ/vWE=",
        "owner": "NixOS",
        "repo": "nixpkgs",
        "rev": "efcfe3676268c789e78a22b20a94c00227d20bc8",
        "type": "github"
      },
      "original": {
        "id": "nixpkgs",
        "ref": "nixos-unstable",
        "type": "indirect"
      }
    },
    "nixpkgs-unstable": {
      "locked": {
        "lastModified": 1631053332,
        "narHash": "sha256-ImAkdPr/N7iIbZV6NePnAh7eBzZzF1KSXCp68QKaDqc=",
        "owner": "NixOS",
        "repo": "nixpkgs",
        "rev": "724809eab9b9403848c8eed2582950e1dd70d7ef",
        "type": "github"
      },
      "original": {
        "id": "nixpkgs",
        "ref": "master",
        "type": "indirect"
      }
    },
    "nixpkgs_2": {
      "locked": {
        "lastModified": 1613343273,
        "narHash": "sha256-YlSATlS8L16u1ooX/cCN7/vFcsI1TTOQegIc9dt/mco=",
        "owner": "NixOS",
        "repo": "nixpkgs",
        "rev": "be864bbd6763cd4c92777643b9c4c6f07c3390d5",
        "type": "github"
      },
      "original": {
        "owner": "NixOS",
        "ref": "nixpkgs-unstable",
        "repo": "nixpkgs",
        "type": "github"
      }
    },
    "root": {
      "inputs": {
        "emacs-overlay": "emacs-overlay",
        "home-manager": "home-manager",
        "nixos-hardware": "nixos-hardware",
        "nixpkgs": "nixpkgs",
        "nixpkgs-unstable": "nixpkgs-unstable",
        "zig-overlay": "zig-overlay"
      }
    },
    "zig-overlay": {
      "inputs": {
        "flake-utils": "flake-utils",
        "nixpkgs": "nixpkgs_2"
      },
      "locked": {
        "lastModified": 1630974102,
        "narHash": "sha256-YJg6BUct6bfRxwKOVqySIgRE6y6JR8SNbpvnYuuEN7Q=",
        "owner": "arqv",
        "repo": "zig-overlay",
        "rev": "bd3777a2b9b9fd307d0296c093a36677ee3845b8",
        "type": "github"
      },
      "original": {
        "owner": "arqv",
        "repo": "zig-overlay",
        "type": "github"
      }
    }
  },
  "root": "root",
  "version": 7
}
