{
  "nodes": {
    "emacs-overlay": {
      "locked": {
        "lastModified": 1625648664,
        "narHash": "sha256-jnJI2sHbEXL/tV3HACCRUaX+m8AxcqDQInNs7TGZMA4=",
        "owner": "nix-community",
        "repo": "emacs-overlay",
        "rev": "c98b3a644b09550bf5e38cc796c4fdec190f0582",
        "type": "github"
      },
      "original": {
        "owner": "nix-community",
        "repo": "emacs-overlay",
        "type": "github"
      }
    },
    "flake-utils": {
      "locked": {
        "lastModified": 1610051610,
        "narHash": "sha256-U9rPz/usA1/Aohhk7Cmc2gBrEEKRzcW4nwPWMPwja4Y=",
        "owner": "numtide",
        "repo": "flake-utils",
        "rev": "3982c9903e93927c2164caa727cd3f6a0e6d14cc",
        "type": "github"
      },
      "original": {
        "owner": "numtide",
        "repo": "flake-utils",
        "type": "github"
      }
    },
    "home-manager": {
      "inputs": {
        "nixpkgs": [
          "nixpkgs"
        ]
      },
      "locked": {
        "lastModified": 1625516974,
        "narHash": "sha256-hq4eAl7wJoGwjtHCdqItjb81XgjVL5K79NX3jSmNRMA=",
        "owner": "rycee",
        "repo": "home-manager",
        "rev": "97d183e2e466808f5d7cd1c838815bedd88f37fe",
        "type": "github"
      },
      "original": {
        "owner": "rycee",
        "ref": "master",
        "repo": "home-manager",
        "type": "github"
      }
    },
    "nixos-hardware": {
      "locked": {
        "lastModified": 1625333638,
        "narHash": "sha256-M6J9RN60XJyv6nUfDFCwnz5aVjhe8+GJnV8Q9VpdQQQ=",
        "owner": "nixos",
        "repo": "nixos-hardware",
        "rev": "41775780a0b6b32b3d32dcc32bb9bc6df809062d",
        "type": "github"
      },
      "original": {
        "owner": "nixos",
        "repo": "nixos-hardware",
        "type": "github"
      }
    },
    "nixpkgs": {
      "locked": {
        "lastModified": 1625533413,
        "narHash": "sha256-D4Dp2qDmY3Y9/Mqxsha/18F0RsH3hPiHafG4bvTz2V4=",
        "owner": "NixOS",
        "repo": "nixpkgs",
        "rev": "036dc0c709650e0c833822307af801f576d67273",
        "type": "github"
      },
      "original": {
        "id": "nixpkgs",
        "ref": "nixos-unstable",
        "type": "indirect"
      }
    },
    "nixpkgs-unstable": {
      "locked": {
        "lastModified": 1625663525,
        "narHash": "sha256-aMTaXdEBsyDGL7zrZ++Xeh/n/5IJ0xZ951UjC+yskrk=",
        "owner": "NixOS",
        "repo": "nixpkgs",
        "rev": "50434b9fbf098cd470b3ce2577607146a9177b29",
        "type": "github"
      },
      "original": {
        "id": "nixpkgs",
        "ref": "master",
        "type": "indirect"
      }
    },
    "nixpkgs_2": {
      "locked": {
        "lastModified": 1613343273,
        "narHash": "sha256-YlSATlS8L16u1ooX/cCN7/vFcsI1TTOQegIc9dt/mco=",
        "owner": "NixOS",
        "repo": "nixpkgs",
        "rev": "be864bbd6763cd4c92777643b9c4c6f07c3390d5",
        "type": "github"
      },
      "original": {
        "owner": "NixOS",
        "ref": "nixpkgs-unstable",
        "repo": "nixpkgs",
        "type": "github"
      }
    },
    "root": {
      "inputs": {
        "emacs-overlay": "emacs-overlay",
        "home-manager": "home-manager",
        "nixos-hardware": "nixos-hardware",
        "nixpkgs": "nixpkgs",
        "nixpkgs-unstable": "nixpkgs-unstable",
        "zig-overlay": "zig-overlay"
      }
    },
    "zig-overlay": {
      "inputs": {
        "flake-utils": "flake-utils",
        "nixpkgs": "nixpkgs_2"
      },
      "locked": {
        "lastModified": 1625617264,
        "narHash": "sha256-0cYi7XImIffaSdMr67S+uTnriMz/PhboVZ/aKkD+Lvw=",
        "owner": "arqv",
        "repo": "zig-overlay",
        "rev": "480ae795dfaf9a038897f550374072f5b17f3a24",
        "type": "github"
      },
      "original": {
        "owner": "arqv",
        "repo": "zig-overlay",
        "type": "github"
      }
    }
  },
  "root": "root",
  "version": 7
}
