{
  "nodes": {
    "emacs-overlay": {
      "locked": {
        "lastModified": 1625243842,
        "narHash": "sha256-wtLMUA47PtP5r9isB2ItxfhdHwsa/WzmVS/ngoS7z2Q=",
        "owner": "nix-community",
        "repo": "emacs-overlay",
        "rev": "a92dd2525b24f1d6f99dbde22410caba1c067e3d",
        "type": "github"
      },
      "original": {
        "owner": "nix-community",
        "repo": "emacs-overlay",
        "type": "github"
      }
    },
    "flake-utils": {
      "locked": {
        "lastModified": 1610051610,
        "narHash": "sha256-U9rPz/usA1/Aohhk7Cmc2gBrEEKRzcW4nwPWMPwja4Y=",
        "owner": "numtide",
        "repo": "flake-utils",
        "rev": "3982c9903e93927c2164caa727cd3f6a0e6d14cc",
        "type": "github"
      },
      "original": {
        "owner": "numtide",
        "repo": "flake-utils",
        "type": "github"
      }
    },
    "home-manager": {
      "inputs": {
        "nixpkgs": [
          "nixpkgs"
        ]
      },
      "locked": {
        "lastModified": 1625162737,
        "narHash": "sha256-IzKTw2u/EKVr6TCQYylSAcOnrVRpir3wG3MUHj2LsTc=",
        "owner": "rycee",
        "repo": "home-manager",
        "rev": "7df6656b113ce0d39c8b7d30915cafe046e1d64e",
        "type": "github"
      },
      "original": {
        "owner": "rycee",
        "ref": "master",
        "repo": "home-manager",
        "type": "github"
      }
    },
    "nixos-hardware": {
      "locked": {
        "lastModified": 1625127528,
        "narHash": "sha256-NDD8BuY8UjAs7VfeiRck7JkpsUyUWJYg1/RqdEJ0PgE=",
        "owner": "nixos",
        "repo": "nixos-hardware",
        "rev": "eb889532fef2cb73071436842ae2ca0ed2d011aa",
        "type": "github"
      },
      "original": {
        "owner": "nixos",
        "repo": "nixos-hardware",
        "type": "github"
      }
    },
    "nixpkgs": {
      "locked": {
        "lastModified": 1625098247,
        "narHash": "sha256-R6ja2P/RdDGCcfC5FYCY6wa8EsHjJLV1jztlcK3xsi0=",
        "owner": "NixOS",
        "repo": "nixpkgs",
        "rev": "59ef8087a3d95bf6c69767c126bbc0b7ced89e32",
        "type": "github"
      },
      "original": {
        "id": "nixpkgs",
        "ref": "nixos-unstable",
        "type": "indirect"
      }
    },
    "nixpkgs-unstable": {
      "locked": {
        "lastModified": 1625252509,
        "narHash": "sha256-neJMZRzW/8spje62mneNRovlRHlUCWEogLgCiB7zoEg=",
        "owner": "NixOS",
        "repo": "nixpkgs",
        "rev": "3895ec33adaf692e50eecd2d347c55f81ab7da10",
        "type": "github"
      },
      "original": {
        "id": "nixpkgs",
        "ref": "master",
        "type": "indirect"
      }
    },
    "nixpkgs_2": {
      "locked": {
        "lastModified": 1613343273,
        "narHash": "sha256-YlSATlS8L16u1ooX/cCN7/vFcsI1TTOQegIc9dt/mco=",
        "owner": "NixOS",
        "repo": "nixpkgs",
        "rev": "be864bbd6763cd4c92777643b9c4c6f07c3390d5",
        "type": "github"
      },
      "original": {
        "owner": "NixOS",
        "ref": "nixpkgs-unstable",
        "repo": "nixpkgs",
        "type": "github"
      }
    },
    "root": {
      "inputs": {
        "emacs-overlay": "emacs-overlay",
        "home-manager": "home-manager",
        "nixos-hardware": "nixos-hardware",
        "nixpkgs": "nixpkgs",
        "nixpkgs-unstable": "nixpkgs-unstable",
        "zig-overlay": "zig-overlay"
      }
    },
    "zig-overlay": {
      "inputs": {
        "flake-utils": "flake-utils",
        "nixpkgs": "nixpkgs_2"
      },
      "locked": {
        "lastModified": 1625185215,
        "narHash": "sha256-dY+awzmifThfsV99zOLfQRkMVzm67wQ2zZ67IzuZUj0=",
        "owner": "arqv",
        "repo": "zig-overlay",
        "rev": "2401d4bd3ba8c7dfaeb63d317bb0179461675907",
        "type": "github"
      },
      "original": {
        "owner": "arqv",
        "repo": "zig-overlay",
        "type": "github"
      }
    }
  },
  "root": "root",
  "version": 7
}
